{
  "name": "Amp-up",
  "lockfileVersion": 2,
  "requires": true,
  "packages": {
    "": {
      "dependencies": {
        "spring": "^0.0.0"
      }
    },
    "node_modules/spring": {
      "version": "0.0.0",
      "resolved": "https://registry.npmjs.org/spring/-/spring-0.0.0.tgz",
      "integrity": "sha1-J6n1cdSfPynpDGuWJTZAc6g1OBU="
    }
  },
  "dependencies": {
    "spring": {
      "version": "0.0.0",
      "resolved": "https://registry.npmjs.org/spring/-/spring-0.0.0.tgz",
      "integrity": "sha1-J6n1cdSfPynpDGuWJTZAc6g1OBU="
    }
  }
}
